
Microsoft Visual Studio Solution File, Format Version 12.00
# Visual Studio 15
VisualStudioVersion = 15.0.28307.168
MinimumVisualStudioVersion = 10.0.40219.1
Project("{FAE04EC0-301F-11D3-BF4B-00C04F79EFBC}") = "SchoolProject", "SchoolProject\SchoolProject.csproj", "{6B8545B4-4DDB-4A8B-B309-A4BC9E6D4675}"
EndProject
Global
	GlobalSection(SolutionConfigurationPlatforms) = preSolution
		Debug|Any CPU = Debug|Any CPU
		Release|Any CPU = Release|Any CPU
	EndGlobalSection
	GlobalSection(ProjectConfigurationPlatforms) = postSolution
		{6B8545B4-4DDB-4A8B-B309-A4BC9E6D4675}.Debug|Any CPU.ActiveCfg = Debug|Any CPU
		{6B8545B4-4DDB-4A8B-B309-A4BC9E6D4675}.Debug|Any CPU.Build.0 = Debug|Any CPU
		{6B8545B4-4DDB-4A8B-B309-A4BC9E6D4675}.Release|Any CPU.ActiveCfg = Release|Any CPU
		{6B8545B4-4DDB-4A8B-B309-A4BC9E6D4675}.Release|Any CPU.Build.0 = Release|Any CPU
	EndGlobalSection
	GlobalSection(SolutionProperties) = preSolution
		HideSolutionNode = FALSE
	EndGlobalSection
	GlobalSection(ExtensibilityGlobals) = postSolution
		SolutionGuid = {42131C4C-09C2-418D-BFC1-7804F873BE6E}
	EndGlobalSection
EndGlobal
